
Microsoft Visual Studio Solution File, Format Version 12.00
# Visual Studio Version 16
VisualStudioVersion = 16.0.29519.87
MinimumVisualStudioVersion = 10.0.40219.1
Project("{FAE04EC0-301F-11D3-BF4B-00C04F79EFBC}") = "Calatorie", "Calatorie\Calatorie.csproj", "{48AC707A-50CE-4557-834B-3F0A2772C037}"
EndProject
Global
	GlobalSection(SolutionConfigurationPlatforms) = preSolution
		Debug|Any CPU = Debug|Any CPU
		Release|Any CPU = Release|Any CPU
	EndGlobalSection
	GlobalSection(ProjectConfigurationPlatforms) = postSolution
		{48AC707A-50CE-4557-834B-3F0A2772C037}.Debug|Any CPU.ActiveCfg = Debug|Any CPU
		{48AC707A-50CE-4557-834B-3F0A2772C037}.Debug|Any CPU.Build.0 = Debug|Any CPU
		{48AC707A-50CE-4557-834B-3F0A2772C037}.Release|Any CPU.ActiveCfg = Release|Any CPU
		{48AC707A-50CE-4557-834B-3F0A2772C037}.Release|Any CPU.Build.0 = Release|Any CPU
	EndGlobalSection
	GlobalSection(SolutionProperties) = preSolution
		HideSolutionNode = FALSE
	EndGlobalSection
	GlobalSection(ExtensibilityGlobals) = postSolution
		SolutionGuid = {2113DCE9-5F63-4BB3-AB22-0903047343BC}
	EndGlobalSection
EndGlobal
